// !$*UTF8*$!
{
	archiveVersion = 1;
	classes = {
	};
	objectVersion = 55;
	objects = {

/* Begin PBXBuildFile section */
		F7AE3E2027EE4CBA00274564 /* AppDelegate.swift in Sources */ = {isa = PBXBuildFile; fileRef = F7AE3E1F27EE4CBA00274564 /* AppDelegate.swift */; };
		F7AE3E2227EE4CBA00274564 /* SceneDelegate.swift in Sources */ = {isa = PBXBuildFile; fileRef = F7AE3E2127EE4CBA00274564 /* SceneDelegate.swift */; };
		F7AE3E2727EE4CBB00274564 /* Main.storyboard in Resources */ = {isa = PBXBuildFile; fileRef = F7AE3E2527EE4CBB00274564 /* Main.storyboard */; };
		F7AE3E2927EE4CBE00274564 /* Assets.xcassets in Resources */ = {isa = PBXBuildFile; fileRef = F7AE3E2827EE4CBE00274564 /* Assets.xcassets */; };
		F7AE3E2C27EE4CBE00274564 /* LaunchScreen.storyboard in Resources */ = {isa = PBXBuildFile; fileRef = F7AE3E2A27EE4CBE00274564 /* LaunchScreen.storyboard */; };
		F7AE3E3727EE4CBE00274564 /* NYTTests.swift in Sources */ = {isa = PBXBuildFile; fileRef = F7AE3E3627EE4CBE00274564 /* NYTTests.swift */; };
		F7AE3E4127EE4CBE00274564 /* NYTUITests.swift in Sources */ = {isa = PBXBuildFile; fileRef = F7AE3E4027EE4CBE00274564 /* NYTUITests.swift */; };
		F7AE3E4327EE4CBE00274564 /* NYTUITestsLaunchTests.swift in Sources */ = {isa = PBXBuildFile; fileRef = F7AE3E4227EE4CBE00274564 /* NYTUITestsLaunchTests.swift */; };
		F7AE3E5027EE531C00274564 /* ArticlesTableViewController.swift in Sources */ = {isa = PBXBuildFile; fileRef = F7AE3E4F27EE531C00274564 /* ArticlesTableViewController.swift */; };
/* End PBXBuildFile section */

/* Begin PBXContainerItemProxy section */
		F7AE3E3327EE4CBE00274564 /* PBXContainerItemProxy */ = {
			isa = PBXContainerItemProxy;
			containerPortal = F7AE3E1427EE4CBA00274564 /* Project object */;
			proxyType = 1;
			remoteGlobalIDString = F7AE3E1B27EE4CBA00274564;
			remoteInfo = NYT;
		};
		F7AE3E3D27EE4CBE00274564 /* PBXContainerItemProxy */ = {
			isa = PBXContainerItemProxy;
			containerPortal = F7AE3E1427EE4CBA00274564 /* Project object */;
			proxyType = 1;
			remoteGlobalIDString = F7AE3E1B27EE4CBA00274564;
			remoteInfo = NYT;
		};
/* End PBXContainerItemProxy section */

/* Begin PBXFileReference section */
		F7AE3E1C27EE4CBA00274564 /* NYT.app */ = {isa = PBXFileReference; explicitFileType = wrapper.application; includeInIndex = 0; path = NYT.app; sourceTree = BUILT_PRODUCTS_DIR; };
		F7AE3E1F27EE4CBA00274564 /* AppDelegate.swift */ = {isa = PBXFileReference; lastKnownFileType = sourcecode.swift; path = AppDelegate.swift; sourceTree = "<group>"; };
		F7AE3E2127EE4CBA00274564 /* SceneDelegate.swift */ = {isa = PBXFileReference; lastKnownFileType = sourcecode.swift; path = SceneDelegate.swift; sourceTree = "<group>"; };
		F7AE3E2627EE4CBB00274564 /* Base */ = {isa = PBXFileReference; lastKnownFileType = file.storyboard; name = Base; path = Base.lproj/Main.storyboard; sourceTree = "<group>"; };
		F7AE3E2827EE4CBE00274564 /* Assets.xcassets */ = {isa = PBXFileReference; lastKnownFileType = folder.assetcatalog; path = Assets.xcassets; sourceTree = "<group>"; };
		F7AE3E2B27EE4CBE00274564 /* Base */ = {isa = PBXFileReference; lastKnownFileType = file.storyboard; name = Base; path = Base.lproj/LaunchScreen.storyboard; sourceTree = "<group>"; };
		F7AE3E2D27EE4CBE00274564 /* Info.plist */ = {isa = PBXFileReference; lastKnownFileType = text.plist.xml; path = Info.plist; sourceTree = "<group>"; };
		F7AE3E3227EE4CBE00274564 /* NYTTests.xctest */ = {isa = PBXFileReference; explicitFileType = wrapper.cfbundle; includeInIndex = 0; path = NYTTests.xctest; sourceTree = BUILT_PRODUCTS_DIR; };
		F7AE3E3627EE4CBE00274564 /* NYTTests.swift */ = {isa = PBXFileReference; lastKnownFileType = sourcecode.swift; path = NYTTests.swift; sourceTree = "<group>"; };
		F7AE3E3C27EE4CBE00274564 /* NYTUITests.xctest */ = {isa = PBXFileReference; explicitFileType = wrapper.cfbundle; includeInIndex = 0; path = NYTUITests.xctest; sourceTree = BUILT_PRODUCTS_DIR; };
		F7AE3E4027EE4CBE00274564 /* NYTUITests.swift */ = {isa = PBXFileReference; lastKnownFileType = sourcecode.swift; path = NYTUITests.swift; sourceTree = "<group>"; };
		F7AE3E4227EE4CBE00274564 /* NYTUITestsLaunchTests.swift */ = {isa = PBXFileReference; lastKnownFileType = sourcecode.swift; path = NYTUITestsLaunchTests.swift; sourceTree = "<group>"; };
		F7AE3E4F27EE531C00274564 /* ArticlesTableViewController.swift */ = {isa = PBXFileReference; lastKnownFileType = sourcecode.swift; path = ArticlesTableViewController.swift; sourceTree = "<group>"; };
/* End PBXFileReference section */

/* Begin PBXFrameworksBuildPhase section */
		F7AE3E1927EE4CBA00274564 /* Frameworks */ = {
			isa = PBXFrameworksBuildPhase;
			buildActionMask = 2147483647;
			files = (
			);
			runOnlyForDeploymentPostprocessing = 0;
		};
		F7AE3E2F27EE4CBE00274564 /* Frameworks */ = {
			isa = PBXFrameworksBuildPhase;
			buildActionMask = 2147483647;
			files = (
			);
			runOnlyForDeploymentPostprocessing = 0;
		};
		F7AE3E3927EE4CBE00274564 /* Frameworks */ = {
			isa = PBXFrameworksBuildPhase;
			buildActionMask = 2147483647;
			files = (
			);
			runOnlyForDeploymentPostprocessing = 0;
		};
/* End PBXFrameworksBuildPhase section */

/* Begin PBXGroup section */
		F7AE3E1327EE4CBA00274564 = {
			isa = PBXGroup;
			children = (
				F7AE3E1E27EE4CBA00274564 /* NYT */,
				F7AE3E3527EE4CBE00274564 /* NYTTests */,
				F7AE3E3F27EE4CBE00274564 /* NYTUITests */,
				F7AE3E1D27EE4CBA00274564 /* Products */,
			);
			sourceTree = "<group>";
		};
		F7AE3E1D27EE4CBA00274564 /* Products */ = {
			isa = PBXGroup;
			children = (
				F7AE3E1C27EE4CBA00274564 /* NYT.app */,
				F7AE3E3227EE4CBE00274564 /* NYTTests.xctest */,
				F7AE3E3C27EE4CBE00274564 /* NYTUITests.xctest */,
			);
			name = Products;
			sourceTree = "<group>";
		};
		F7AE3E1E27EE4CBA00274564 /* NYT */ = {
			isa = PBXGroup;
			children = (
				F7AE3E1F27EE4CBA00274564 /* AppDelegate.swift */,
				F7AE3E2127EE4CBA00274564 /* SceneDelegate.swift */,
				F7AE3E2527EE4CBB00274564 /* Main.storyboard */,
				F7AE3E4F27EE531C00274564 /* ArticlesTableViewController.swift */,
				F7AE3E2827EE4CBE00274564 /* Assets.xcassets */,
				F7AE3E2A27EE4CBE00274564 /* LaunchScreen.storyboard */,
				F7AE3E2D27EE4CBE00274564 /* Info.plist */,
			);
			path = NYT;
			sourceTree = "<group>";
		};
		F7AE3E3527EE4CBE00274564 /* NYTTests */ = {
			isa = PBXGroup;
			children = (
				F7AE3E3627EE4CBE00274564 /* NYTTests.swift */,
			);
			path = NYTTests;
			sourceTree = "<group>";
		};
		F7AE3E3F27EE4CBE00274564 /* NYTUITests */ = {
			isa = PBXGroup;
			children = (
				F7AE3E4027EE4CBE00274564 /* NYTUITests.swift */,
				F7AE3E4227EE4CBE00274564 /* NYTUITestsLaunchTests.swift */,
			);
			path = NYTUITests;
			sourceTree = "<group>";
		};
/* End PBXGroup section */

/* Begin PBXNativeTarget section */
		F7AE3E1B27EE4CBA00274564 /* NYT */ = {
			isa = PBXNativeTarget;
			buildConfigurationList = F7AE3E4627EE4CBE00274564 /* Build configuration list for PBXNativeTarget "NYT" */;
			buildPhases = (
				F7AE3E1827EE4CBA00274564 /* Sources */,
				F7AE3E1927EE4CBA00274564 /* Frameworks */,
				F7AE3E1A27EE4CBA00274564 /* Resources */,
			);
			buildRules = (
			);
			dependencies = (
			);
			name = NYT;
			productName = NYT;
			productReference = F7AE3E1C27EE4CBA00274564 /* NYT.app */;
			productType = "com.apple.product-type.application";
		};
		F7AE3E3127EE4CBE00274564 /* NYTTests */ = {
			isa = PBXNativeTarget;
			buildConfigurationList = F7AE3E4927EE4CBE00274564 /* Build configuration list for PBXNativeTarget "NYTTests" */;
			buildPhases = (
				F7AE3E2E27EE4CBE00274564 /* Sources */,
				F7AE3E2F27EE4CBE00274564 /* Frameworks */,
				F7AE3E3027EE4CBE00274564 /* Resources */,
			);
			buildRules = (
			);
			dependencies = (
				F7AE3E3427EE4CBE00274564 /* PBXTargetDependency */,
			);
			name = NYTTests;
			productName = NYTTests;
			productReference = F7AE3E3227EE4CBE00274564 /* NYTTests.xctest */;
			productType = "com.apple.product-type.bundle.unit-test";
		};
		F7AE3E3B27EE4CBE00274564 /* NYTUITests */ = {
			isa = PBXNativeTarget;
			buildConfigurationList = F7AE3E4C27EE4CBE00274564 /* Build configuration list for PBXNativeTarget "NYTUITests" */;
			buildPhases = (
				F7AE3E3827EE4CBE00274564 /* Sources */,
				F7AE3E3927EE4CBE00274564 /* Frameworks */,
				F7AE3E3A27EE4CBE00274564 /* Resources */,
			);
			buildRules = (
			);
			dependencies = (
				F7AE3E3E27EE4CBE00274564 /* PBXTargetDependency */,
			);
			name = NYTUITests;
			productName = NYTUITests;
			productReference = F7AE3E3C27EE4CBE00274564 /* NYTUITests.xctest */;
			productType = "com.apple.product-type.bundle.ui-testing";
		};
/* End PBXNativeTarget section */

/* Begin PBXProject section */
		F7AE3E1427EE4CBA00274564 /* Project object */ = {
			isa = PBXProject;
			attributes = {
				BuildIndependentTargetsInParallel = 1;
				LastSwiftUpdateCheck = 1320;
				LastUpgradeCheck = 1320;
				TargetAttributes = {
					F7AE3E1B27EE4CBA00274564 = {
						CreatedOnToolsVersion = 13.2;
					};
					F7AE3E3127EE4CBE00274564 = {
						CreatedOnToolsVersion = 13.2;
						TestTargetID = F7AE3E1B27EE4CBA00274564;
					};
					F7AE3E3B27EE4CBE00274564 = {
						CreatedOnToolsVersion = 13.2;
						TestTargetID = F7AE3E1B27EE4CBA00274564;
					};
				};
			};
			buildConfigurationList = F7AE3E1727EE4CBA00274564 /* Build configuration list for PBXProject "NYT" */;
			compatibilityVersion = "Xcode 13.0";
			developmentRegion = en;
			hasScannedForEncodings = 0;
			knownRegions = (
				en,
				Base,
			);
			mainGroup = F7AE3E1327EE4CBA00274564;
			productRefGroup = F7AE3E1D27EE4CBA00274564 /* Products */;
			projectDirPath = "";
			projectRoot = "";
			targets = (
				F7AE3E1B27EE4CBA00274564 /* NYT */,
				F7AE3E3127EE4CBE00274564 /* NYTTests */,
				F7AE3E3B27EE4CBE00274564 /* NYTUITests */,
			);
		};
/* End PBXProject section */

/* Begin PBXResourcesBuildPhase section */
		F7AE3E1A27EE4CBA00274564 /* Resources */ = {
			isa = PBXResourcesBuildPhase;
			buildActionMask = 2147483647;
			files = (
				F7AE3E2C27EE4CBE00274564 /* LaunchScreen.storyboard in Resources */,
				F7AE3E2927EE4CBE00274564 /* Assets.xcassets in Resources */,
				F7AE3E2727EE4CBB00274564 /* Main.storyboard in Resources */,
			);
			runOnlyForDeploymentPostprocessing = 0;
		};
		F7AE3E3027EE4CBE00274564 /* Resources */ = {
			isa = PBXResourcesBuildPhase;
			buildActionMask = 2147483647;
			files = (
			);
			runOnlyForDeploymentPostprocessing = 0;
		};
		F7AE3E3A27EE4CBE00274564 /* Resources */ = {
			isa = PBXResourcesBuildPhase;
			buildActionMask = 2147483647;
			files = (
			);
			runOnlyForDeploymentPostprocessing = 0;
		};
/* End PBXResourcesBuildPhase section */

/* Begin PBXSourcesBuildPhase section */
		F7AE3E1827EE4CBA00274564 /* Sources */ = {
			isa = PBXSourcesBuildPhase;
			buildActionMask = 2147483647;
			files = (
				F7AE3E5027EE531C00274564 /* ArticlesTableViewController.swift in Sources */,
				F7AE3E2027EE4CBA00274564 /* AppDelegate.swift in Sources */,
				F7AE3E2227EE4CBA00274564 /* SceneDelegate.swift in Sources */,
			);
			runOnlyForDeploymentPostprocessing = 0;
		};
		F7AE3E2E27EE4CBE00274564 /* Sources */ = {
			isa = PBXSourcesBuildPhase;
			buildActionMask = 2147483647;
			files = (
				F7AE3E3727EE4CBE00274564 /* NYTTests.swift in Sources */,
			);
			runOnlyForDeploymentPostprocessing = 0;
		};
		F7AE3E3827EE4CBE00274564 /* Sources */ = {
			isa = PBXSourcesBuildPhase;
			buildActionMask = 2147483647;
			files = (
				F7AE3E4327EE4CBE00274564 /* NYTUITestsLaunchTests.swift in Sources */,
				F7AE3E4127EE4CBE00274564 /* NYTUITests.swift in Sources */,
			);
			runOnlyForDeploymentPostprocessing = 0;
		};
/* End PBXSourcesBuildPhase section */

/* Begin PBXTargetDependency section */
		F7AE3E3427EE4CBE00274564 /* PBXTargetDependency */ = {
			isa = PBXTargetDependency;
			target = F7AE3E1B27EE4CBA00274564 /* NYT */;
			targetProxy = F7AE3E3327EE4CBE00274564 /* PBXContainerItemProxy */;
		};
		F7AE3E3E27EE4CBE00274564 /* PBXTargetDependency */ = {
			isa = PBXTargetDependency;
			target = F7AE3E1B27EE4CBA00274564 /* NYT */;
			targetProxy = F7AE3E3D27EE4CBE00274564 /* PBXContainerItemProxy */;
		};
/* End PBXTargetDependency section */

/* Begin PBXVariantGroup section */
		F7AE3E2527EE4CBB00274564 /* Main.storyboard */ = {
			isa = PBXVariantGroup;
			children = (
				F7AE3E2627EE4CBB00274564 /* Base */,
			);
			name = Main.storyboard;
			sourceTree = "<group>";
		};
		F7AE3E2A27EE4CBE00274564 /* LaunchScreen.storyboard */ = {
			isa = PBXVariantGroup;
			children = (
				F7AE3E2B27EE4CBE00274564 /* Base */,
			);
			name = LaunchScreen.storyboard;
			sourceTree = "<group>";
		};
/* End PBXVariantGroup section */

/* Begin XCBuildConfiguration section */
		F7AE3E4427EE4CBE00274564 /* Debug */ = {
			isa = XCBuildConfiguration;
			buildSettings = {
				ALWAYS_SEARCH_USER_PATHS = NO;
				CLANG_ANALYZER_NONNULL = YES;
				CLANG_ANALYZER_NUMBER_OBJECT_CONVERSION = YES_AGGRESSIVE;
				CLANG_CXX_LANGUAGE_STANDARD = "gnu++17";
				CLANG_CXX_LIBRARY = "libc++";
				CLANG_ENABLE_MODULES = YES;
				CLANG_ENABLE_OBJC_ARC = YES;
				CLANG_ENABLE_OBJC_WEAK = YES;
				CLANG_WARN_BLOCK_CAPTURE_AUTORELEASING = YES;
				CLANG_WARN_BOOL_CONVERSION = YES;
				CLANG_WARN_COMMA = YES;
				CLANG_WARN_CONSTANT_CONVERSION = YES;
				CLANG_WARN_DEPRECATED_OBJC_IMPLEMENTATIONS = YES;
				CLANG_WARN_DIRECT_OBJC_ISA_USAGE = YES_ERROR;
				CLANG_WARN_DOCUMENTATION_COMMENTS = YES;
				CLANG_WARN_EMPTY_BODY = YES;
				CLANG_WARN_ENUM_CONVERSION = YES;
				CLANG_WARN_INFINITE_RECURSION = YES;
				CLANG_WARN_INT_CONVERSION = YES;
				CLANG_WARN_NON_LITERAL_NULL_CONVERSION = YES;
				CLANG_WARN_OBJC_IMPLICIT_RETAIN_SELF = YES;
				CLANG_WARN_OBJC_LITERAL_CONVERSION = YES;
				CLANG_WARN_OBJC_ROOT_CLASS = YES_ERROR;
				CLANG_WARN_QUOTED_INCLUDE_IN_FRAMEWORK_HEADER = YES;
				CLANG_WARN_RANGE_LOOP_ANALYSIS = YES;
				CLANG_WARN_STRICT_PROTOTYPES = YES;
				CLANG_WARN_SUSPICIOUS_MOVE = YES;
				CLANG_WARN_UNGUARDED_AVAILABILITY = YES_AGGRESSIVE;
				CLANG_WARN_UNREACHABLE_CODE = YES;
				CLANG_WARN__DUPLICATE_METHOD_MATCH = YES;
				COPY_PHASE_STRIP = NO;
				DEBUG_INFORMATION_FORMAT = dwarf;
				ENABLE_STRICT_OBJC_MSGSEND = YES;
				ENABLE_TESTABILITY = YES;
				GCC_C_LANGUAGE_STANDARD = gnu11;
				GCC_DYNAMIC_NO_PIC = NO;
				GCC_NO_COMMON_BLOCKS = YES;
				GCC_OPTIMIZATION_LEVEL = 0;
				GCC_PREPROCESSOR_DEFINITIONS = (
					"DEBUG=1",
					"$(inherited)",
				);
				GCC_WARN_64_TO_32_BIT_CONVERSION = YES;
				GCC_WARN_ABOUT_RETURN_TYPE = YES_ERROR;
				GCC_WARN_UNDECLARED_SELECTOR = YES;
				GCC_WARN_UNINITIALIZED_AUTOS = YES_AGGRESSIVE;
				GCC_WARN_UNUSED_FUNCTION = YES;
				GCC_WARN_UNUSED_VARIABLE = YES;
				IPHONEOS_DEPLOYMENT_TARGET = 15.2;
				MTL_ENABLE_DEBUG_INFO = INCLUDE_SOURCE;
				MTL_FAST_MATH = YES;
				ONLY_ACTIVE_ARCH = YES;
				SDKROOT = iphoneos;
				SWIFT_ACTIVE_COMPILATION_CONDITIONS = DEBUG;
				SWIFT_OPTIMIZATION_LEVEL = "-Onone";
			};
			name = Debug;
		};
		F7AE3E4527EE4CBE00274564 /* Release */ = {
			isa = XCBuildConfiguration;
			buildSettings = {
				ALWAYS_SEARCH_USER_PATHS = NO;
				CLANG_ANALYZER_NONNULL = YES;
				CLANG_ANALYZER_NUMBER_OBJECT_CONVERSION = YES_AGGRESSIVE;
				CLANG_CXX_LANGUAGE_STANDARD = "gnu++17";
				CLANG_CXX_LIBRARY = "libc++";
				CLANG_ENABLE_MODULES = YES;
				CLANG_ENABLE_OBJC_ARC = YES;
				CLANG_ENABLE_OBJC_WEAK = YES;
				CLANG_WARN_BLOCK_CAPTURE_AUTORELEASING = YES;
				CLANG_WARN_BOOL_CONVERSION = YES;
				CLANG_WARN_COMMA = YES;
				CLANG_WARN_CONSTANT_CONVERSION = YES;
				CLANG_WARN_DEPRECATED_OBJC_IMPLEMENTATIONS = YES;
				CLANG_WARN_DIRECT_OBJC_ISA_USAGE = YES_ERROR;
				CLANG_WARN_DOCUMENTATION_COMMENTS = YES;
				CLANG_WARN_EMPTY_BODY = YES;
				CLANG_WARN_ENUM_CONVERSION = YES;
				CLANG_WARN_INFINITE_RECURSION = YES;
				CLANG_WARN_INT_CONVERSION = YES;
				CLANG_WARN_NON_LITERAL_NULL_CONVERSION = YES;
				CLANG_WARN_OBJC_IMPLICIT_RETAIN_SELF = YES;
				CLANG_WARN_OBJC_LITERAL_CONVERSION = YES;
				CLANG_WARN_OBJC_ROOT_CLASS = YES_ERROR;
				CLANG_WARN_QUOTED_INCLUDE_IN_FRAMEWORK_HEADER = YES;
				CLANG_WARN_RANGE_LOOP_ANALYSIS = YES;
				CLANG_WARN_STRICT_PROTOTYPES = YES;
				CLANG_WARN_SUSPICIOUS_MOVE = YES;
				CLANG_WARN_UNGUARDED_AVAILABILITY = YES_AGGRESSIVE;
				CLANG_WARN_UNREACHABLE_CODE = YES;
				CLANG_WARN__DUPLICATE_METHOD_MATCH = YES;
				COPY_PHASE_STRIP = NO;
				DEBUG_INFORMATION_FORMAT = "dwarf-with-dsym";
				ENABLE_NS_ASSERTIONS = NO;
				ENABLE_STRICT_OBJC_MSGSEND = YES;
				GCC_C_LANGUAGE_STANDARD = gnu11;
				GCC_NO_COMMON_BLOCKS = YES;
				GCC_WARN_64_TO_32_BIT_CONVERSION = YES;
				GCC_WARN_ABOUT_RETURN_TYPE = YES_ERROR;
				GCC_WARN_UNDECLARED_SELECTOR = YES;
				GCC_WARN_UNINITIALIZED_AUTOS = YES_AGGRESSIVE;
				GCC_WARN_UNUSED_FUNCTION = YES;
				GCC_WARN_UNUSED_VARIABLE = YES;
				IPHONEOS_DEPLOYMENT_TARGET = 15.2;
				MTL_ENABLE_DEBUG_INFO = NO;
				MTL_FAST_MATH = YES;
				SDKROOT = iphoneos;
				SWIFT_COMPILATION_MODE = wholemodule;
				SWIFT_OPTIMIZATION_LEVEL = "-O";
				VALIDATE_PRODUCT = YES;
			};
			name = Release;
		};
		F7AE3E4727EE4CBE00274564 /* Debug */ = {
			isa = XCBuildConfiguration;
			buildSettings = {
				ASSETCATALOG_COMPILER_APPICON_NAME = AppIcon;
				ASSETCATALOG_COMPILER_GLOBAL_ACCENT_COLOR_NAME = AccentColor;
				CODE_SIGN_STYLE = Automatic;
				CURRENT_PROJECT_VERSION = 1;
				GENERATE_INFOPLIST_FILE = YES;
				INFOPLIST_FILE = NYT/Info.plist;
				INFOPLIST_KEY_UIApplicationSupportsIndirectInputEvents = YES;
				INFOPLIST_KEY_UILaunchStoryboardName = LaunchScreen;
				INFOPLIST_KEY_UIMainStoryboardFile = Main;
				INFOPLIST_KEY_UISupportedInterfaceOrientations = UIInterfaceOrientationPortrait;
				INFOPLIST_KEY_UISupportedInterfaceOrientations_iPad = "UIInterfaceOrientationPortrait UIInterfaceOrientationPortraitUpsideDown UIInterfaceOrientationLandscapeLeft UIInterfaceOrientationLandscapeRight";
				INFOPLIST_KEY_UISupportedInterfaceOrientations_iPhone = "UIInterfaceOrientationPortrait UIInterfaceOrientationLandscapeLeft UIInterfaceOrientationLandscapeRight";
				LD_RUNPATH_SEARCH_PATHS = (
					"$(inherited)",
					"@executable_path/Frameworks",
				);
				MARKETING_VERSION = 1.0;
				PRODUCT_BUNDLE_IDENTIFIER = com.qabbout.NYT;
				PRODUCT_NAME = "$(TARGET_NAME)";
				SWIFT_EMIT_LOC_STRINGS = YES;
				SWIFT_VERSION = 5.0;
				TARGETED_DEVICE_FAMILY = 1;
			};
			name = Debug;
		};
		F7AE3E4827EE4CBE00274564 /* Release */ = {
			isa = XCBuildConfiguration;
			buildSettings = {
				ASSETCATALOG_COMPILER_APPICON_NAME = AppIcon;
				ASSETCATALOG_COMPILER_GLOBAL_ACCENT_COLOR_NAME = AccentColor;
				CODE_SIGN_STYLE = Automatic;
				CURRENT_PROJECT_VERSION = 1;
				GENERATE_INFOPLIST_FILE = YES;
				INFOPLIST_FILE = NYT/Info.plist;
				INFOPLIST_KEY_UIApplicationSupportsIndirectInputEvents = YES;
				INFOPLIST_KEY_UILaunchStoryboardName = LaunchScreen;
				INFOPLIST_KEY_UIMainStoryboardFile = Main;
				INFOPLIST_KEY_UISupportedInterfaceOrientations = UIInterfaceOrientationPortrait;
				INFOPLIST_KEY_UISupportedInterfaceOrientations_iPad = "UIInterfaceOrientationPortrait UIInterfaceOrientationPortraitUpsideDown UIInterfaceOrientationLandscapeLeft UIInterfaceOrientationLandscapeRight";
				INFOPLIST_KEY_UISupportedInterfaceOrientations_iPhone = "UIInterfaceOrientationPortrait UIInterfaceOrientationLandscapeLeft UIInterfaceOrientationLandscapeRight";
				LD_RUNPATH_SEARCH_PATHS = (
					"$(inherited)",
					"@executable_path/Frameworks",
				);
				MARKETING_VERSION = 1.0;
				PRODUCT_BUNDLE_IDENTIFIER = com.qabbout.NYT;
				PRODUCT_NAME = "$(TARGET_NAME)";
				SWIFT_EMIT_LOC_STRINGS = YES;
				SWIFT_VERSION = 5.0;
				TARGETED_DEVICE_FAMILY = 1;
			};
			name = Release;
		};
		F7AE3E4A27EE4CBE00274564 /* Debug */ = {
			isa = XCBuildConfiguration;
			buildSettings = {
				ALWAYS_EMBED_SWIFT_STANDARD_LIBRARIES = YES;
				BUNDLE_LOADER = "$(TEST_HOST)";
				CODE_SIGN_STYLE = Automatic;
				CURRENT_PROJECT_VERSION = 1;
				GENERATE_INFOPLIST_FILE = YES;
				IPHONEOS_DEPLOYMENT_TARGET = 15.2;
				MARKETING_VERSION = 1.0;
				PRODUCT_BUNDLE_IDENTIFIER = com.qabbout.NYTTests;
				PRODUCT_NAME = "$(TARGET_NAME)";
				SWIFT_EMIT_LOC_STRINGS = NO;
				SWIFT_VERSION = 5.0;
				TARGETED_DEVICE_FAMILY = "1,2";
				TEST_HOST = "$(BUILT_PRODUCTS_DIR)/NYT.app/NYT";
			};
			name = Debug;
		};
		F7AE3E4B27EE4CBE00274564 /* Release */ = {
			isa = XCBuildConfiguration;
			buildSettings = {
				ALWAYS_EMBED_SWIFT_STANDARD_LIBRARIES = YES;
				BUNDLE_LOADER = "$(TEST_HOST)";
				CODE_SIGN_STYLE = Automatic;
				CURRENT_PROJECT_VERSION = 1;
				GENERATE_INFOPLIST_FILE = YES;
				IPHONEOS_DEPLOYMENT_TARGET = 15.2;
				MARKETING_VERSION = 1.0;
				PRODUCT_BUNDLE_IDENTIFIER = com.qabbout.NYTTests;
				PRODUCT_NAME = "$(TARGET_NAME)";
				SWIFT_EMIT_LOC_STRINGS = NO;
				SWIFT_VERSION = 5.0;
				TARGETED_DEVICE_FAMILY = "1,2";
				TEST_HOST = "$(BUILT_PRODUCTS_DIR)/NYT.app/NYT";
			};
			name = Release;
		};
		F7AE3E4D27EE4CBE00274564 /* Debug */ = {
			isa = XCBuildConfiguration;
			buildSettings = {
				ALWAYS_EMBED_SWIFT_STANDARD_LIBRARIES = YES;
				CODE_SIGN_STYLE = Automatic;
				CURRENT_PROJECT_VERSION = 1;
				GENERATE_INFOPLIST_FILE = YES;
				MARKETING_VERSION = 1.0;
				PRODUCT_BUNDLE_IDENTIFIER = com.qabbout.NYTUITests;
				PRODUCT_NAME = "$(TARGET_NAME)";
				SWIFT_EMIT_LOC_STRINGS = NO;
				SWIFT_VERSION = 5.0;
				TARGETED_DEVICE_FAMILY = "1,2";
				TEST_TARGET_NAME = NYT;
			};
			name = Debug;
		};
		F7AE3E4E27EE4CBE00274564 /* Release */ = {
			isa = XCBuildConfiguration;
			buildSettings = {
				ALWAYS_EMBED_SWIFT_STANDARD_LIBRARIES = YES;
				CODE_SIGN_STYLE = Automatic;
				CURRENT_PROJECT_VERSION = 1;
				GENERATE_INFOPLIST_FILE = YES;
				MARKETING_VERSION = 1.0;
				PRODUCT_BUNDLE_IDENTIFIER = com.qabbout.NYTUITests;
				PRODUCT_NAME = "$(TARGET_NAME)";
				SWIFT_EMIT_LOC_STRINGS = NO;
				SWIFT_VERSION = 5.0;
				TARGETED_DEVICE_FAMILY = "1,2";
				TEST_TARGET_NAME = NYT;
			};
			name = Release;
		};
/* End XCBuildConfiguration section */

/* Begin XCConfigurationList section */
		F7AE3E1727EE4CBA00274564 /* Build configuration list for PBXProject "NYT" */ = {
			isa = XCConfigurationList;
			buildConfigurations = (
				F7AE3E4427EE4CBE00274564 /* Debug */,
				F7AE3E4527EE4CBE00274564 /* Release */,
			);
			defaultConfigurationIsVisible = 0;
			defaultConfigurationName = Release;
		};
		F7AE3E4627EE4CBE00274564 /* Build configuration list for PBXNativeTarget "NYT" */ = {
			isa = XCConfigurationList;
			buildConfigurations = (
				F7AE3E4727EE4CBE00274564 /* Debug */,
				F7AE3E4827EE4CBE00274564 /* Release */,
			);
			defaultConfigurationIsVisible = 0;
			defaultConfigurationName = Release;
		};
		F7AE3E4927EE4CBE00274564 /* Build configuration list for PBXNativeTarget "NYTTests" */ = {
			isa = XCConfigurationList;
			buildConfigurations = (
				F7AE3E4A27EE4CBE00274564 /* Debug */,
				F7AE3E4B27EE4CBE00274564 /* Release */,
			);
			defaultConfigurationIsVisible = 0;
			defaultConfigurationName = Release;
		};
		F7AE3E4C27EE4CBE00274564 /* Build configuration list for PBXNativeTarget "NYTUITests" */ = {
			isa = XCConfigurationList;
			buildConfigurations = (
				F7AE3E4D27EE4CBE00274564 /* Debug */,
				F7AE3E4E27EE4CBE00274564 /* Release */,
			);
			defaultConfigurationIsVisible = 0;
			defaultConfigurationName = Release;
		};
/* End XCConfigurationList section */
	};
	rootObject = F7AE3E1427EE4CBA00274564 /* Project object */;
}
